
Microsoft Visual Studio Solution File, Format Version 12.00
# Visual Studio Version 17
VisualStudioVersion = 17.14.36310.24
MinimumVisualStudioVersion = 10.0.40219.1
Project("{FAE04EC0-301F-11D3-BF4B-00C04F79EFBC}") = "Alunos.API", "alunos-api\src\Alunos.API\Alunos.API.csproj", "{91F9B2D0-EBF5-5576-9C1E-BA6382F8A80D}"
EndProject
Project("{2150E333-8FDC-42A3-9474-1A3956D46DE8}") = "Alunos", "Alunos", "{02EA681E-C7D8-13C7-8484-4AC65E1B71E8}"
EndProject
Project("{FAE04EC0-301F-11D3-BF4B-00C04F79EFBC}") = "Alunos.Application", "alunos-api\src\Alunos.Application\Alunos.Application.csproj", "{2768A51A-A05F-1B59-4D25-2F834D5B9239}"
EndProject
Project("{FAE04EC0-301F-11D3-BF4B-00C04F79EFBC}") = "Alunos.Domain", "alunos-api\src\Alunos.Domain\Alunos.Domain.csproj", "{03CAF54C-1817-9BC0-862D-39490545A0B1}"
EndProject
Project("{FAE04EC0-301F-11D3-BF4B-00C04F79EFBC}") = "Alunos.Infrastructure", "alunos-api\src\Alunos.Infrastructure\Alunos.Infrastructure.csproj", "{C77D7424-989C-F60D-8E08-9FC29C52E62F}"
EndProject
Project("{2150E333-8FDC-42A3-9474-1A3956D46DE8}") = "Auth", "Auth", "{4D9BBC96-E07B-49E1-B70A-E977EAD242A2}"
EndProject
Project("{FAE04EC0-301F-11D3-BF4B-00C04F79EFBC}") = "Auth.API", "auth-api\src\Auth.API\Auth.API.csproj", "{D7BEFB9E-B46A-D308-2F94-9D0C87D07D4A}"
EndProject
Project("{FAE04EC0-301F-11D3-BF4B-00C04F79EFBC}") = "Auth.Application", "auth-api\src\Auth.Application\Auth.Application.csproj", "{DB585E5C-CFE4-6307-5915-7F86A3CD26AD}"
EndProject
Project("{FAE04EC0-301F-11D3-BF4B-00C04F79EFBC}") = "Auth.Domain", "auth-api\src\Auth.Domain\Auth.Domain.csproj", "{5B938C78-50A7-F275-4D1D-F6F215D496BC}"
EndProject
Project("{FAE04EC0-301F-11D3-BF4B-00C04F79EFBC}") = "Auth.Infrastructure", "auth-api\src\Auth.Infrastructure\Auth.Infrastructure.csproj", "{345B69FC-EEE1-C6A6-C6E6-2C389873B806}"
EndProject
Project("{2150E333-8FDC-42A3-9474-1A3956D46DE8}") = "BFF", "BFF", "{276DFDF9-0248-4A68-9C7D-3FC227BCBDBF}"
EndProject
Project("{FAE04EC0-301F-11D3-BF4B-00C04F79EFBC}") = "BFF.API", "bff-api\src\BFF.API\BFF.API.csproj", "{2ECD056C-262C-CF00-0E1A-1A49C26F9AB7}"
EndProject
Project("{FAE04EC0-301F-11D3-BF4B-00C04F79EFBC}") = "BFF.Application", "bff-api\src\BFF.Application\BFF.Application.csproj", "{26FC0680-06CE-BDD9-DC85-B3656B8E35AF}"
EndProject
Project("{FAE04EC0-301F-11D3-BF4B-00C04F79EFBC}") = "BFF.Domain", "bff-api\src\BFF.Domain\BFF.Domain.csproj", "{3460349A-275B-7615-DEC6-087E00FD5B3B}"
EndProject
Project("{FAE04EC0-301F-11D3-BF4B-00C04F79EFBC}") = "BFF.Infrastructure", "bff-api\src\BFF.Infrastructure\BFF.Infrastructure.csproj", "{731AAF9C-9717-4D07-AADF-81D3E5507855}"
EndProject
Project("{2150E333-8FDC-42A3-9474-1A3956D46DE8}") = "Conteudos", "Conteudos", "{A34D2295-B8DA-4D1A-8475-30315A57E680}"
EndProject
Project("{FAE04EC0-301F-11D3-BF4B-00C04F79EFBC}") = "Conteudo.API", "conteudo-api\src\Conteudo.API\Conteudo.API.csproj", "{BC193A54-C262-98A7-1639-71A0A38151B1}"
EndProject
Project("{FAE04EC0-301F-11D3-BF4B-00C04F79EFBC}") = "Conteudo.Application", "conteudo-api\src\Conteudo.Application\Conteudo.Application.csproj", "{486584C7-BD17-9173-CAD5-42B88F1CCE05}"
EndProject
Project("{FAE04EC0-301F-11D3-BF4B-00C04F79EFBC}") = "Conteudo.Domain", "conteudo-api\src\Conteudo.Domain\Conteudo.Domain.csproj", "{59EFB361-9297-CFA0-A2F0-51ED1434C2E2}"
EndProject
Project("{FAE04EC0-301F-11D3-BF4B-00C04F79EFBC}") = "Conteudo.Infrastructure", "conteudo-api\src\Conteudo.Infrastructure\Conteudo.Infrastructure.csproj", "{A244348B-29B0-6691-1925-7292B9C77797}"
EndProject
Project("{2150E333-8FDC-42A3-9474-1A3956D46DE8}") = "Pagamentos", "Pagamentos", "{11EB907F-A04A-4EC3-A82C-1D98ACD3CD41}"
EndProject
Project("{FAE04EC0-301F-11D3-BF4B-00C04F79EFBC}") = "Pagamentos.API", "pagamentos-api\src\Pagamentos.API\Pagamentos.API\Pagamentos.API.csproj", "{95BEA0F4-F180-E82E-9DC2-A225D8D51D37}"
EndProject
Project("{FAE04EC0-301F-11D3-BF4B-00C04F79EFBC}") = "Pagamentos.Application", "pagamentos-api\src\Pagamentos.Application\Pagamentos.Application\Pagamentos.Application.csproj", "{ABC5BA45-04EE-1860-8323-D816C21A0E33}"
EndProject
Project("{FAE04EC0-301F-11D3-BF4B-00C04F79EFBC}") = "Pagamentos.Domain", "pagamentos-api\src\Pagamentos.Domain\Pagamentos.Domain\Pagamentos.Domain.csproj", "{A408F562-E493-7F66-C7A7-B07DE9F06A12}"
EndProject
Project("{FAE04EC0-301F-11D3-BF4B-00C04F79EFBC}") = "Pagamentos.Infrastructure", "pagamentos-api\src\Pagamentos.Infrastructure\Pagamentos.Infrastructure\Pagamentos.Infrastructure.csproj", "{266D6BF8-DC79-8BB5-085C-C0B9483B746A}"
EndProject
Global
	GlobalSection(SolutionConfigurationPlatforms) = preSolution
		Debug|Any CPU = Debug|Any CPU
		Release|Any CPU = Release|Any CPU
	EndGlobalSection
	GlobalSection(ProjectConfigurationPlatforms) = postSolution
		{91F9B2D0-EBF5-5576-9C1E-BA6382F8A80D}.Debug|Any CPU.ActiveCfg = Debug|Any CPU
		{91F9B2D0-EBF5-5576-9C1E-BA6382F8A80D}.Debug|Any CPU.Build.0 = Debug|Any CPU
		{91F9B2D0-EBF5-5576-9C1E-BA6382F8A80D}.Release|Any CPU.ActiveCfg = Release|Any CPU
		{91F9B2D0-EBF5-5576-9C1E-BA6382F8A80D}.Release|Any CPU.Build.0 = Release|Any CPU
		{2768A51A-A05F-1B59-4D25-2F834D5B9239}.Debug|Any CPU.ActiveCfg = Debug|Any CPU
		{2768A51A-A05F-1B59-4D25-2F834D5B9239}.Debug|Any CPU.Build.0 = Debug|Any CPU
		{2768A51A-A05F-1B59-4D25-2F834D5B9239}.Release|Any CPU.ActiveCfg = Release|Any CPU
		{2768A51A-A05F-1B59-4D25-2F834D5B9239}.Release|Any CPU.Build.0 = Release|Any CPU
		{03CAF54C-1817-9BC0-862D-39490545A0B1}.Debug|Any CPU.ActiveCfg = Debug|Any CPU
		{03CAF54C-1817-9BC0-862D-39490545A0B1}.Debug|Any CPU.Build.0 = Debug|Any CPU
		{03CAF54C-1817-9BC0-862D-39490545A0B1}.Release|Any CPU.ActiveCfg = Release|Any CPU
		{03CAF54C-1817-9BC0-862D-39490545A0B1}.Release|Any CPU.Build.0 = Release|Any CPU
		{C77D7424-989C-F60D-8E08-9FC29C52E62F}.Debug|Any CPU.ActiveCfg = Debug|Any CPU
		{C77D7424-989C-F60D-8E08-9FC29C52E62F}.Debug|Any CPU.Build.0 = Debug|Any CPU
		{C77D7424-989C-F60D-8E08-9FC29C52E62F}.Release|Any CPU.ActiveCfg = Release|Any CPU
		{C77D7424-989C-F60D-8E08-9FC29C52E62F}.Release|Any CPU.Build.0 = Release|Any CPU
		{D7BEFB9E-B46A-D308-2F94-9D0C87D07D4A}.Debug|Any CPU.ActiveCfg = Debug|Any CPU
		{D7BEFB9E-B46A-D308-2F94-9D0C87D07D4A}.Debug|Any CPU.Build.0 = Debug|Any CPU
		{D7BEFB9E-B46A-D308-2F94-9D0C87D07D4A}.Release|Any CPU.ActiveCfg = Release|Any CPU
		{D7BEFB9E-B46A-D308-2F94-9D0C87D07D4A}.Release|Any CPU.Build.0 = Release|Any CPU
		{DB585E5C-CFE4-6307-5915-7F86A3CD26AD}.Debug|Any CPU.ActiveCfg = Debug|Any CPU
		{DB585E5C-CFE4-6307-5915-7F86A3CD26AD}.Debug|Any CPU.Build.0 = Debug|Any CPU
		{DB585E5C-CFE4-6307-5915-7F86A3CD26AD}.Release|Any CPU.ActiveCfg = Release|Any CPU
		{DB585E5C-CFE4-6307-5915-7F86A3CD26AD}.Release|Any CPU.Build.0 = Release|Any CPU
		{5B938C78-50A7-F275-4D1D-F6F215D496BC}.Debug|Any CPU.ActiveCfg = Debug|Any CPU
		{5B938C78-50A7-F275-4D1D-F6F215D496BC}.Debug|Any CPU.Build.0 = Debug|Any CPU
		{5B938C78-50A7-F275-4D1D-F6F215D496BC}.Release|Any CPU.ActiveCfg = Release|Any CPU
		{5B938C78-50A7-F275-4D1D-F6F215D496BC}.Release|Any CPU.Build.0 = Release|Any CPU
		{345B69FC-EEE1-C6A6-C6E6-2C389873B806}.Debug|Any CPU.ActiveCfg = Debug|Any CPU
		{345B69FC-EEE1-C6A6-C6E6-2C389873B806}.Debug|Any CPU.Build.0 = Debug|Any CPU
		{345B69FC-EEE1-C6A6-C6E6-2C389873B806}.Release|Any CPU.ActiveCfg = Release|Any CPU
		{345B69FC-EEE1-C6A6-C6E6-2C389873B806}.Release|Any CPU.Build.0 = Release|Any CPU
		{2ECD056C-262C-CF00-0E1A-1A49C26F9AB7}.Debug|Any CPU.ActiveCfg = Debug|Any CPU
		{2ECD056C-262C-CF00-0E1A-1A49C26F9AB7}.Debug|Any CPU.Build.0 = Debug|Any CPU
		{2ECD056C-262C-CF00-0E1A-1A49C26F9AB7}.Release|Any CPU.ActiveCfg = Release|Any CPU
		{2ECD056C-262C-CF00-0E1A-1A49C26F9AB7}.Release|Any CPU.Build.0 = Release|Any CPU
		{26FC0680-06CE-BDD9-DC85-B3656B8E35AF}.Debug|Any CPU.ActiveCfg = Debug|Any CPU
		{26FC0680-06CE-BDD9-DC85-B3656B8E35AF}.Debug|Any CPU.Build.0 = Debug|Any CPU
		{26FC0680-06CE-BDD9-DC85-B3656B8E35AF}.Release|Any CPU.ActiveCfg = Release|Any CPU
		{26FC0680-06CE-BDD9-DC85-B3656B8E35AF}.Release|Any CPU.Build.0 = Release|Any CPU
		{3460349A-275B-7615-DEC6-087E00FD5B3B}.Debug|Any CPU.ActiveCfg = Debug|Any CPU
		{3460349A-275B-7615-DEC6-087E00FD5B3B}.Debug|Any CPU.Build.0 = Debug|Any CPU
		{3460349A-275B-7615-DEC6-087E00FD5B3B}.Release|Any CPU.ActiveCfg = Release|Any CPU
		{3460349A-275B-7615-DEC6-087E00FD5B3B}.Release|Any CPU.Build.0 = Release|Any CPU
		{731AAF9C-9717-4D07-AADF-81D3E5507855}.Debug|Any CPU.ActiveCfg = Debug|Any CPU
		{731AAF9C-9717-4D07-AADF-81D3E5507855}.Debug|Any CPU.Build.0 = Debug|Any CPU
		{731AAF9C-9717-4D07-AADF-81D3E5507855}.Release|Any CPU.ActiveCfg = Release|Any CPU
		{731AAF9C-9717-4D07-AADF-81D3E5507855}.Release|Any CPU.Build.0 = Release|Any CPU
		{BC193A54-C262-98A7-1639-71A0A38151B1}.Debug|Any CPU.ActiveCfg = Debug|Any CPU
		{BC193A54-C262-98A7-1639-71A0A38151B1}.Debug|Any CPU.Build.0 = Debug|Any CPU
		{BC193A54-C262-98A7-1639-71A0A38151B1}.Release|Any CPU.ActiveCfg = Release|Any CPU
		{BC193A54-C262-98A7-1639-71A0A38151B1}.Release|Any CPU.Build.0 = Release|Any CPU
		{486584C7-BD17-9173-CAD5-42B88F1CCE05}.Debug|Any CPU.ActiveCfg = Debug|Any CPU
		{486584C7-BD17-9173-CAD5-42B88F1CCE05}.Debug|Any CPU.Build.0 = Debug|Any CPU
		{486584C7-BD17-9173-CAD5-42B88F1CCE05}.Release|Any CPU.ActiveCfg = Release|Any CPU
		{486584C7-BD17-9173-CAD5-42B88F1CCE05}.Release|Any CPU.Build.0 = Release|Any CPU
		{59EFB361-9297-CFA0-A2F0-51ED1434C2E2}.Debug|Any CPU.ActiveCfg = Debug|Any CPU
		{59EFB361-9297-CFA0-A2F0-51ED1434C2E2}.Debug|Any CPU.Build.0 = Debug|Any CPU
		{59EFB361-9297-CFA0-A2F0-51ED1434C2E2}.Release|Any CPU.ActiveCfg = Release|Any CPU
		{59EFB361-9297-CFA0-A2F0-51ED1434C2E2}.Release|Any CPU.Build.0 = Release|Any CPU
		{A244348B-29B0-6691-1925-7292B9C77797}.Debug|Any CPU.ActiveCfg = Debug|Any CPU
		{A244348B-29B0-6691-1925-7292B9C77797}.Debug|Any CPU.Build.0 = Debug|Any CPU
		{A244348B-29B0-6691-1925-7292B9C77797}.Release|Any CPU.ActiveCfg = Release|Any CPU
		{A244348B-29B0-6691-1925-7292B9C77797}.Release|Any CPU.Build.0 = Release|Any CPU
		{95BEA0F4-F180-E82E-9DC2-A225D8D51D37}.Debug|Any CPU.ActiveCfg = Debug|Any CPU
		{95BEA0F4-F180-E82E-9DC2-A225D8D51D37}.Debug|Any CPU.Build.0 = Debug|Any CPU
		{95BEA0F4-F180-E82E-9DC2-A225D8D51D37}.Release|Any CPU.ActiveCfg = Release|Any CPU
		{95BEA0F4-F180-E82E-9DC2-A225D8D51D37}.Release|Any CPU.Build.0 = Release|Any CPU
		{ABC5BA45-04EE-1860-8323-D816C21A0E33}.Debug|Any CPU.ActiveCfg = Debug|Any CPU
		{ABC5BA45-04EE-1860-8323-D816C21A0E33}.Debug|Any CPU.Build.0 = Debug|Any CPU
		{ABC5BA45-04EE-1860-8323-D816C21A0E33}.Release|Any CPU.ActiveCfg = Release|Any CPU
		{ABC5BA45-04EE-1860-8323-D816C21A0E33}.Release|Any CPU.Build.0 = Release|Any CPU
		{A408F562-E493-7F66-C7A7-B07DE9F06A12}.Debug|Any CPU.ActiveCfg = Debug|Any CPU
		{A408F562-E493-7F66-C7A7-B07DE9F06A12}.Debug|Any CPU.Build.0 = Debug|Any CPU
		{A408F562-E493-7F66-C7A7-B07DE9F06A12}.Release|Any CPU.ActiveCfg = Release|Any CPU
		{A408F562-E493-7F66-C7A7-B07DE9F06A12}.Release|Any CPU.Build.0 = Release|Any CPU
		{266D6BF8-DC79-8BB5-085C-C0B9483B746A}.Debug|Any CPU.ActiveCfg = Debug|Any CPU
		{266D6BF8-DC79-8BB5-085C-C0B9483B746A}.Debug|Any CPU.Build.0 = Debug|Any CPU
		{266D6BF8-DC79-8BB5-085C-C0B9483B746A}.Release|Any CPU.ActiveCfg = Release|Any CPU
		{266D6BF8-DC79-8BB5-085C-C0B9483B746A}.Release|Any CPU.Build.0 = Release|Any CPU
	EndGlobalSection
	GlobalSection(SolutionProperties) = preSolution
		HideSolutionNode = FALSE
	EndGlobalSection
	GlobalSection(NestedProjects) = preSolution
		{91F9B2D0-EBF5-5576-9C1E-BA6382F8A80D} = {02EA681E-C7D8-13C7-8484-4AC65E1B71E8}
		{2768A51A-A05F-1B59-4D25-2F834D5B9239} = {02EA681E-C7D8-13C7-8484-4AC65E1B71E8}
		{03CAF54C-1817-9BC0-862D-39490545A0B1} = {02EA681E-C7D8-13C7-8484-4AC65E1B71E8}
		{C77D7424-989C-F60D-8E08-9FC29C52E62F} = {02EA681E-C7D8-13C7-8484-4AC65E1B71E8}
		{D7BEFB9E-B46A-D308-2F94-9D0C87D07D4A} = {4D9BBC96-E07B-49E1-B70A-E977EAD242A2}
		{DB585E5C-CFE4-6307-5915-7F86A3CD26AD} = {4D9BBC96-E07B-49E1-B70A-E977EAD242A2}
		{5B938C78-50A7-F275-4D1D-F6F215D496BC} = {4D9BBC96-E07B-49E1-B70A-E977EAD242A2}
		{345B69FC-EEE1-C6A6-C6E6-2C389873B806} = {4D9BBC96-E07B-49E1-B70A-E977EAD242A2}
		{2ECD056C-262C-CF00-0E1A-1A49C26F9AB7} = {276DFDF9-0248-4A68-9C7D-3FC227BCBDBF}
		{26FC0680-06CE-BDD9-DC85-B3656B8E35AF} = {276DFDF9-0248-4A68-9C7D-3FC227BCBDBF}
		{3460349A-275B-7615-DEC6-087E00FD5B3B} = {276DFDF9-0248-4A68-9C7D-3FC227BCBDBF}
		{731AAF9C-9717-4D07-AADF-81D3E5507855} = {276DFDF9-0248-4A68-9C7D-3FC227BCBDBF}
		{BC193A54-C262-98A7-1639-71A0A38151B1} = {A34D2295-B8DA-4D1A-8475-30315A57E680}
		{486584C7-BD17-9173-CAD5-42B88F1CCE05} = {A34D2295-B8DA-4D1A-8475-30315A57E680}
		{59EFB361-9297-CFA0-A2F0-51ED1434C2E2} = {A34D2295-B8DA-4D1A-8475-30315A57E680}
		{A244348B-29B0-6691-1925-7292B9C77797} = {A34D2295-B8DA-4D1A-8475-30315A57E680}
		{95BEA0F4-F180-E82E-9DC2-A225D8D51D37} = {11EB907F-A04A-4EC3-A82C-1D98ACD3CD41}
		{ABC5BA45-04EE-1860-8323-D816C21A0E33} = {11EB907F-A04A-4EC3-A82C-1D98ACD3CD41}
		{A408F562-E493-7F66-C7A7-B07DE9F06A12} = {11EB907F-A04A-4EC3-A82C-1D98ACD3CD41}
		{266D6BF8-DC79-8BB5-085C-C0B9483B746A} = {11EB907F-A04A-4EC3-A82C-1D98ACD3CD41}
	EndGlobalSection
	GlobalSection(ExtensibilityGlobals) = postSolution
		SolutionGuid = {CBEC1BAF-9C8B-4F5F-9FEC-20641AD3871D}
	EndGlobalSection
EndGlobal
